// !$*UTF8*$!
{
	archiveVersion = 1;
	classes = {
	};
	objectVersion = 54;
	objects = {

/* Begin PBXBuildFile section */
		0C80B921A6F3F58F76C31292 /* libPods-appchat.a in Frameworks */ = {isa = PBXBuildFile; fileRef = 5DCACB8F33CDC322A6C60F78 /* libPods-appchat.a */; };
		13B07FBF1A68108700A75B9A /* Images.xcassets in Resources */ = {isa = PBXBuildFile; fileRef = 13B07FB51A68108700A75B9A /* Images.xcassets */; };
		761780ED2CA45674006654EE /* AppDelegate.swift in Sources */ = {isa = PBXBuildFile; fileRef = 761780EC2CA45674006654EE /* AppDelegate.swift */; };
		81AB9BB82411601600AC10FF /* LaunchScreen.storyboard in Resources */ = {isa = PBXBuildFile; fileRef = 81AB9BB72411601600AC10FF /* LaunchScreen.storyboard */; };
		DEE4E7B59F474E0FACAB8619 /* AirbnbCereal_W_Bd.otf in Resources */ = {isa = PBXBuildFile; fileRef = F3E919AFE4324A8AAA6A3E23 /* AirbnbCereal_W_Bd.otf */; };
		F40DFF595B0245F2801311EB /* AirbnbCereal_W_Bk.otf in Resources */ = {isa = PBXBuildFile; fileRef = 3C041507C6AD4578812A54D8 /* AirbnbCereal_W_Bk.otf */; };
		FDE8CA60C6744EB6A59215C7 /* AirbnbCereal_W_Blk.otf in Resources */ = {isa = PBXBuildFile; fileRef = 9A76ABDE347A4FD0BDA8612E /* AirbnbCereal_W_Blk.otf */; };
		798115FFA3E044669CBF592C /* AirbnbCereal_W_Lt.otf in Resources */ = {isa = PBXBuildFile; fileRef = 462637D3D8FC4D5CB8430339 /* AirbnbCereal_W_Lt.otf */; };
		0C69DB9CAE174F5D8B6F1C94 /* AirbnbCereal_W_Md.otf in Resources */ = {isa = PBXBuildFile; fileRef = F590B9CE5FC04B37B3C2EE34 /* AirbnbCereal_W_Md.otf */; };
		DDC6B67A9AB84A5A929264F6 /* AirbnbCereal_W_XBd.otf in Resources */ = {isa = PBXBuildFile; fileRef = 53F294E6AAB14D9C9189C770 /* AirbnbCereal_W_XBd.otf */; };
		F07AF839D5284208829C997D /* AntDesign.ttf in Resources */ = {isa = PBXBuildFile; fileRef = A956646F23864D1A8647C148 /* AntDesign.ttf */; };
		EA042A7362C0412EB4FB7C2B /* Entypo.ttf in Resources */ = {isa = PBXBuildFile; fileRef = 616DC81685C944C2A4D64C54 /* Entypo.ttf */; };
		D9C05C61A6DA4D63AAF96258 /* EvilIcons.ttf in Resources */ = {isa = PBXBuildFile; fileRef = 0E499FFE7C9446D799CE5E0F /* EvilIcons.ttf */; };
		10FB415E8E8442BCB16A8A01 /* Feather.ttf in Resources */ = {isa = PBXBuildFile; fileRef = 2057403E9443471BAF9AA368 /* Feather.ttf */; };
		F251387BA4E54787BD73856E /* FontAwesome.ttf in Resources */ = {isa = PBXBuildFile; fileRef = E3A0A40F60A94BD49BF1D871 /* FontAwesome.ttf */; };
		2C0A6386B8AD41D69EFD2A8F /* FontAwesome5_Brands.ttf in Resources */ = {isa = PBXBuildFile; fileRef = 139F7ED0268D492E8052ED0A /* FontAwesome5_Brands.ttf */; };
		AE8CCE3AB3154F7689B8B8E7 /* FontAwesome5_Regular.ttf in Resources */ = {isa = PBXBuildFile; fileRef = 14BFBF90292F4378B1C7901A /* FontAwesome5_Regular.ttf */; };
		EE19167DD44B43878967F982 /* FontAwesome5_Solid.ttf in Resources */ = {isa = PBXBuildFile; fileRef = 29C7810F2D4C4D169742CA2F /* FontAwesome5_Solid.ttf */; };
		D422E8672B5F4C5A83F21F5E /* FontAwesome6_Brands.ttf in Resources */ = {isa = PBXBuildFile; fileRef = 6740F1CB00B341949700C966 /* FontAwesome6_Brands.ttf */; };
		015BCA235612412F851E809C /* FontAwesome6_Regular.ttf in Resources */ = {isa = PBXBuildFile; fileRef = 9AFE23D539534534B12B96DD /* FontAwesome6_Regular.ttf */; };
		39726D533AA04FA898292EA8 /* FontAwesome6_Solid.ttf in Resources */ = {isa = PBXBuildFile; fileRef = 1A659A7A799F46D08C92F26E /* FontAwesome6_Solid.ttf */; };
		9E3994BC6A374FC5BF3589BA /* Fontisto.ttf in Resources */ = {isa = PBXBuildFile; fileRef = CB0E17EE73434A539702C26C /* Fontisto.ttf */; };
		C4FBBBB876F14A27B5B28CA9 /* Foundation.ttf in Resources */ = {isa = PBXBuildFile; fileRef = 902958FB5C70424486813C70 /* Foundation.ttf */; };
		B6BE12FDD6D048F0B624F84A /* Ionicons.ttf in Resources */ = {isa = PBXBuildFile; fileRef = D642FAABB8A54A1D88E30267 /* Ionicons.ttf */; };
		D920045A82914EE89DAB1853 /* MaterialCommunityIcons.ttf in Resources */ = {isa = PBXBuildFile; fileRef = 20874222948E49329ED972D8 /* MaterialCommunityIcons.ttf */; };
		C6CFC419AF564D4A92B1D77B /* MaterialIcons.ttf in Resources */ = {isa = PBXBuildFile; fileRef = 15DDB5F2AC8D49219A4A6F50 /* MaterialIcons.ttf */; };
		E7985597CB1C461283BEAD04 /* Octicons.ttf in Resources */ = {isa = PBXBuildFile; fileRef = EBE9623EEF9D4E83884A1C8C /* Octicons.ttf */; };
		29D6ED93006341A9A4C75522 /* SimpleLineIcons.ttf in Resources */ = {isa = PBXBuildFile; fileRef = 6086158D8896445CB9F9599A /* SimpleLineIcons.ttf */; };
		D92B2867EEEA4658BE5D158B /* Zocial.ttf in Resources */ = {isa = PBXBuildFile; fileRef = A4F57788D51E4EBF9961A363 /* Zocial.ttf */; };
/* End PBXBuildFile section */

/* Begin PBXContainerItemProxy section */
		00E356F41AD99517003FC87E /* PBXContainerItemProxy */ = {
			isa = PBXContainerItemProxy;
			containerPortal = 83CBB9F71A601CBA00E9B192 /* Project object */;
			proxyType = 1;
			remoteGlobalIDString = 13B07F861A680F5B00A75B9A;
			remoteInfo = appchat;
		};
/* End PBXContainerItemProxy section */

/* Begin PBXFileReference section */
		00E356F11AD99517003FC87E /* Info.plist */ = {isa = PBXFileReference; lastKnownFileType = text.plist.xml; path = Info.plist; sourceTree = "<group>"; };
		13B07F961A680F5B00A75B9A /* appchat.app */ = {isa = PBXFileReference; explicitFileType = wrapper.application; includeInIndex = 0; path = appchat.app; sourceTree = BUILT_PRODUCTS_DIR; };
		13B07FB51A68108700A75B9A /* Images.xcassets */ = {isa = PBXFileReference; lastKnownFileType = folder.assetcatalog; name = Images.xcassets; path = appchat/Images.xcassets; sourceTree = "<group>"; };
		13B07FB61A68108700A75B9A /* Info.plist */ = {isa = PBXFileReference; fileEncoding = 4; lastKnownFileType = text.plist.xml; name = Info.plist; path = appchat/Info.plist; sourceTree = "<group>"; };
		13B07FB81A68108700A75B9A /* PrivacyInfo.xcprivacy */ = {isa = PBXFileReference; fileEncoding = 4; lastKnownFileType = text.plist.xml; name = PrivacyInfo.xcprivacy; path = appchat/PrivacyInfo.xcprivacy; sourceTree = "<group>"; };
		3B4392A12AC88292D35C810B /* Pods-appchat.debug.xcconfig */ = {isa = PBXFileReference; includeInIndex = 1; lastKnownFileType = text.xcconfig; name = "Pods-appchat.debug.xcconfig"; path = "Target Support Files/Pods-appchat/Pods-appchat.debug.xcconfig"; sourceTree = "<group>"; };
		5709B34CF0A7D63546082F79 /* Pods-appchat.release.xcconfig */ = {isa = PBXFileReference; includeInIndex = 1; lastKnownFileType = text.xcconfig; name = "Pods-appchat.release.xcconfig"; path = "Target Support Files/Pods-appchat/Pods-appchat.release.xcconfig"; sourceTree = "<group>"; };
		5DCACB8F33CDC322A6C60F78 /* libPods-appchat.a */ = {isa = PBXFileReference; explicitFileType = archive.ar; includeInIndex = 0; path = "libPods-appchat.a"; sourceTree = BUILT_PRODUCTS_DIR; };
		761780EC2CA45674006654EE /* AppDelegate.swift */ = {isa = PBXFileReference; lastKnownFileType = sourcecode.swift; name = AppDelegate.swift; path = appchat/AppDelegate.swift; sourceTree = "<group>"; };
		81AB9BB72411601600AC10FF /* LaunchScreen.storyboard */ = {isa = PBXFileReference; fileEncoding = 4; lastKnownFileType = file.storyboard; name = LaunchScreen.storyboard; path = appchat/LaunchScreen.storyboard; sourceTree = "<group>"; };
		ED297162215061F000B7C4FE /* JavaScriptCore.framework */ = {isa = PBXFileReference; lastKnownFileType = wrapper.framework; name = JavaScriptCore.framework; path = System/Library/Frameworks/JavaScriptCore.framework; sourceTree = SDKROOT; };
		F3E919AFE4324A8AAA6A3E23 /* AirbnbCereal_W_Bd.otf */ = {isa = PBXFileReference; name = "AirbnbCereal_W_Bd.otf"; path = "../assets/fonts/AirbnbCereal_W_Bd.otf"; sourceTree = "<group>"; fileEncoding = undefined; lastKnownFileType = unknown; explicitFileType = undefined; includeInIndex = 0; };
		3C041507C6AD4578812A54D8 /* AirbnbCereal_W_Bk.otf */ = {isa = PBXFileReference; name = "AirbnbCereal_W_Bk.otf"; path = "../assets/fonts/AirbnbCereal_W_Bk.otf"; sourceTree = "<group>"; fileEncoding = undefined; lastKnownFileType = unknown; explicitFileType = undefined; includeInIndex = 0; };
		9A76ABDE347A4FD0BDA8612E /* AirbnbCereal_W_Blk.otf */ = {isa = PBXFileReference; name = "AirbnbCereal_W_Blk.otf"; path = "../assets/fonts/AirbnbCereal_W_Blk.otf"; sourceTree = "<group>"; fileEncoding = undefined; lastKnownFileType = unknown; explicitFileType = undefined; includeInIndex = 0; };
		462637D3D8FC4D5CB8430339 /* AirbnbCereal_W_Lt.otf */ = {isa = PBXFileReference; name = "AirbnbCereal_W_Lt.otf"; path = "../assets/fonts/AirbnbCereal_W_Lt.otf"; sourceTree = "<group>"; fileEncoding = undefined; lastKnownFileType = unknown; explicitFileType = undefined; includeInIndex = 0; };
		F590B9CE5FC04B37B3C2EE34 /* AirbnbCereal_W_Md.otf */ = {isa = PBXFileReference; name = "AirbnbCereal_W_Md.otf"; path = "../assets/fonts/AirbnbCereal_W_Md.otf"; sourceTree = "<group>"; fileEncoding = undefined; lastKnownFileType = unknown; explicitFileType = undefined; includeInIndex = 0; };
		53F294E6AAB14D9C9189C770 /* AirbnbCereal_W_XBd.otf */ = {isa = PBXFileReference; name = "AirbnbCereal_W_XBd.otf"; path = "../assets/fonts/AirbnbCereal_W_XBd.otf"; sourceTree = "<group>"; fileEncoding = undefined; lastKnownFileType = unknown; explicitFileType = undefined; includeInIndex = 0; };
		A956646F23864D1A8647C148 /* AntDesign.ttf */ = {isa = PBXFileReference; name = "AntDesign.ttf"; path = "../assets/fonts/AntDesign.ttf"; sourceTree = "<group>"; fileEncoding = undefined; lastKnownFileType = unknown; explicitFileType = undefined; includeInIndex = 0; };
		616DC81685C944C2A4D64C54 /* Entypo.ttf */ = {isa = PBXFileReference; name = "Entypo.ttf"; path = "../assets/fonts/Entypo.ttf"; sourceTree = "<group>"; fileEncoding = undefined; lastKnownFileType = unknown; explicitFileType = undefined; includeInIndex = 0; };
		0E499FFE7C9446D799CE5E0F /* EvilIcons.ttf */ = {isa = PBXFileReference; name = "EvilIcons.ttf"; path = "../assets/fonts/EvilIcons.ttf"; sourceTree = "<group>"; fileEncoding = undefined; lastKnownFileType = unknown; explicitFileType = undefined; includeInIndex = 0; };
		2057403E9443471BAF9AA368 /* Feather.ttf */ = {isa = PBXFileReference; name = "Feather.ttf"; path = "../assets/fonts/Feather.ttf"; sourceTree = "<group>"; fileEncoding = undefined; lastKnownFileType = unknown; explicitFileType = undefined; includeInIndex = 0; };
		E3A0A40F60A94BD49BF1D871 /* FontAwesome.ttf */ = {isa = PBXFileReference; name = "FontAwesome.ttf"; path = "../assets/fonts/FontAwesome.ttf"; sourceTree = "<group>"; fileEncoding = undefined; lastKnownFileType = unknown; explicitFileType = undefined; includeInIndex = 0; };
		139F7ED0268D492E8052ED0A /* FontAwesome5_Brands.ttf */ = {isa = PBXFileReference; name = "FontAwesome5_Brands.ttf"; path = "../assets/fonts/FontAwesome5_Brands.ttf"; sourceTree = "<group>"; fileEncoding = undefined; lastKnownFileType = unknown; explicitFileType = undefined; includeInIndex = 0; };
		14BFBF90292F4378B1C7901A /* FontAwesome5_Regular.ttf */ = {isa = PBXFileReference; name = "FontAwesome5_Regular.ttf"; path = "../assets/fonts/FontAwesome5_Regular.ttf"; sourceTree = "<group>"; fileEncoding = undefined; lastKnownFileType = unknown; explicitFileType = undefined; includeInIndex = 0; };
		29C7810F2D4C4D169742CA2F /* FontAwesome5_Solid.ttf */ = {isa = PBXFileReference; name = "FontAwesome5_Solid.ttf"; path = "../assets/fonts/FontAwesome5_Solid.ttf"; sourceTree = "<group>"; fileEncoding = undefined; lastKnownFileType = unknown; explicitFileType = undefined; includeInIndex = 0; };
		6740F1CB00B341949700C966 /* FontAwesome6_Brands.ttf */ = {isa = PBXFileReference; name = "FontAwesome6_Brands.ttf"; path = "../assets/fonts/FontAwesome6_Brands.ttf"; sourceTree = "<group>"; fileEncoding = undefined; lastKnownFileType = unknown; explicitFileType = undefined; includeInIndex = 0; };
		9AFE23D539534534B12B96DD /* FontAwesome6_Regular.ttf */ = {isa = PBXFileReference; name = "FontAwesome6_Regular.ttf"; path = "../assets/fonts/FontAwesome6_Regular.ttf"; sourceTree = "<group>"; fileEncoding = undefined; lastKnownFileType = unknown; explicitFileType = undefined; includeInIndex = 0; };
		1A659A7A799F46D08C92F26E /* FontAwesome6_Solid.ttf */ = {isa = PBXFileReference; name = "FontAwesome6_Solid.ttf"; path = "../assets/fonts/FontAwesome6_Solid.ttf"; sourceTree = "<group>"; fileEncoding = undefined; lastKnownFileType = unknown; explicitFileType = undefined; includeInIndex = 0; };
		CB0E17EE73434A539702C26C /* Fontisto.ttf */ = {isa = PBXFileReference; name = "Fontisto.ttf"; path = "../assets/fonts/Fontisto.ttf"; sourceTree = "<group>"; fileEncoding = undefined; lastKnownFileType = unknown; explicitFileType = undefined; includeInIndex = 0; };
		902958FB5C70424486813C70 /* Foundation.ttf */ = {isa = PBXFileReference; name = "Foundation.ttf"; path = "../assets/fonts/Foundation.ttf"; sourceTree = "<group>"; fileEncoding = undefined; lastKnownFileType = unknown; explicitFileType = undefined; includeInIndex = 0; };
		D642FAABB8A54A1D88E30267 /* Ionicons.ttf */ = {isa = PBXFileReference; name = "Ionicons.ttf"; path = "../assets/fonts/Ionicons.ttf"; sourceTree = "<group>"; fileEncoding = undefined; lastKnownFileType = unknown; explicitFileType = undefined; includeInIndex = 0; };
		20874222948E49329ED972D8 /* MaterialCommunityIcons.ttf */ = {isa = PBXFileReference; name = "MaterialCommunityIcons.ttf"; path = "../assets/fonts/MaterialCommunityIcons.ttf"; sourceTree = "<group>"; fileEncoding = undefined; lastKnownFileType = unknown; explicitFileType = undefined; includeInIndex = 0; };
		15DDB5F2AC8D49219A4A6F50 /* MaterialIcons.ttf */ = {isa = PBXFileReference; name = "MaterialIcons.ttf"; path = "../assets/fonts/MaterialIcons.ttf"; sourceTree = "<group>"; fileEncoding = undefined; lastKnownFileType = unknown; explicitFileType = undefined; includeInIndex = 0; };
		EBE9623EEF9D4E83884A1C8C /* Octicons.ttf */ = {isa = PBXFileReference; name = "Octicons.ttf"; path = "../assets/fonts/Octicons.ttf"; sourceTree = "<group>"; fileEncoding = undefined; lastKnownFileType = unknown; explicitFileType = undefined; includeInIndex = 0; };
		6086158D8896445CB9F9599A /* SimpleLineIcons.ttf */ = {isa = PBXFileReference; name = "SimpleLineIcons.ttf"; path = "../assets/fonts/SimpleLineIcons.ttf"; sourceTree = "<group>"; fileEncoding = undefined; lastKnownFileType = unknown; explicitFileType = undefined; includeInIndex = 0; };
		A4F57788D51E4EBF9961A363 /* Zocial.ttf */ = {isa = PBXFileReference; name = "Zocial.ttf"; path = "../assets/fonts/Zocial.ttf"; sourceTree = "<group>"; fileEncoding = undefined; lastKnownFileType = unknown; explicitFileType = undefined; includeInIndex = 0; };
/* End PBXFileReference section */

/* Begin PBXFrameworksBuildPhase section */
		13B07F8C1A680F5B00A75B9A /* Frameworks */ = {
			isa = PBXFrameworksBuildPhase;
			buildActionMask = 2147483647;
			files = (
				0C80B921A6F3F58F76C31292 /* libPods-appchat.a in Frameworks */,
			);
			runOnlyForDeploymentPostprocessing = 0;
		};
/* End PBXFrameworksBuildPhase section */

/* Begin PBXGroup section */
		00E356F01AD99517003FC87E /* Supporting Files */ = {
			isa = PBXGroup;
			children = (
				00E356F11AD99517003FC87E /* Info.plist */,
			);
			name = "Supporting Files";
			sourceTree = "<group>";
		};
		13B07FAE1A68108700A75B9A /* appchat */ = {
			isa = PBXGroup;
			children = (
				13B07FB51A68108700A75B9A /* Images.xcassets */,
				761780EC2CA45674006654EE /* AppDelegate.swift */,
				13B07FB61A68108700A75B9A /* Info.plist */,
				81AB9BB72411601600AC10FF /* LaunchScreen.storyboard */,
				13B07FB81A68108700A75B9A /* PrivacyInfo.xcprivacy */,
			);
			name = appchat;
			sourceTree = "<group>";
		};
		2D16E6871FA4F8E400B85C8A /* Frameworks */ = {
			isa = PBXGroup;
			children = (
				ED297162215061F000B7C4FE /* JavaScriptCore.framework */,
				5DCACB8F33CDC322A6C60F78 /* libPods-appchat.a */,
			);
			name = Frameworks;
			sourceTree = "<group>";
		};
		832341AE1AAA6A7D00B99B32 /* Libraries */ = {
			isa = PBXGroup;
			children = (
			);
			name = Libraries;
			sourceTree = "<group>";
		};
		83CBB9F61A601CBA00E9B192 = {
			isa = PBXGroup;
			children = (
				13B07FAE1A68108700A75B9A /* appchat */,
				832341AE1AAA6A7D00B99B32 /* Libraries */,
				83CBBA001A601CBA00E9B192 /* Products */,
				2D16E6871FA4F8E400B85C8A /* Frameworks */,
				BBD78D7AC51CEA395F1C20DB /* Pods */,
				67AE55BA7EA2477EAA4A70BA /* Resources */,
			);
			indentWidth = 2;
			sourceTree = "<group>";
			tabWidth = 2;
			usesTabs = 0;
		};
		83CBBA001A601CBA00E9B192 /* Products */ = {
			isa = PBXGroup;
			children = (
				13B07F961A680F5B00A75B9A /* appchat.app */,
			);
			name = Products;
			sourceTree = "<group>";
		};
		BBD78D7AC51CEA395F1C20DB /* Pods */ = {
			isa = PBXGroup;
			children = (
				3B4392A12AC88292D35C810B /* Pods-appchat.debug.xcconfig */,
				5709B34CF0A7D63546082F79 /* Pods-appchat.release.xcconfig */,
			);
			path = Pods;
			sourceTree = "<group>";
		};
		67AE55BA7EA2477EAA4A70BA /* Resources */ = {
			isa = "PBXGroup";
			children = (
				F3E919AFE4324A8AAA6A3E23 /* AirbnbCereal_W_Bd.otf */,
				3C041507C6AD4578812A54D8 /* AirbnbCereal_W_Bk.otf */,
				9A76ABDE347A4FD0BDA8612E /* AirbnbCereal_W_Blk.otf */,
				462637D3D8FC4D5CB8430339 /* AirbnbCereal_W_Lt.otf */,
				F590B9CE5FC04B37B3C2EE34 /* AirbnbCereal_W_Md.otf */,
				53F294E6AAB14D9C9189C770 /* AirbnbCereal_W_XBd.otf */,
				A956646F23864D1A8647C148 /* AntDesign.ttf */,
				616DC81685C944C2A4D64C54 /* Entypo.ttf */,
				0E499FFE7C9446D799CE5E0F /* EvilIcons.ttf */,
				2057403E9443471BAF9AA368 /* Feather.ttf */,
				E3A0A40F60A94BD49BF1D871 /* FontAwesome.ttf */,
				139F7ED0268D492E8052ED0A /* FontAwesome5_Brands.ttf */,
				14BFBF90292F4378B1C7901A /* FontAwesome5_Regular.ttf */,
				29C7810F2D4C4D169742CA2F /* FontAwesome5_Solid.ttf */,
				6740F1CB00B341949700C966 /* FontAwesome6_Brands.ttf */,
				9AFE23D539534534B12B96DD /* FontAwesome6_Regular.ttf */,
				1A659A7A799F46D08C92F26E /* FontAwesome6_Solid.ttf */,
				CB0E17EE73434A539702C26C /* Fontisto.ttf */,
				902958FB5C70424486813C70 /* Foundation.ttf */,
				D642FAABB8A54A1D88E30267 /* Ionicons.ttf */,
				20874222948E49329ED972D8 /* MaterialCommunityIcons.ttf */,
				15DDB5F2AC8D49219A4A6F50 /* MaterialIcons.ttf */,
				EBE9623EEF9D4E83884A1C8C /* Octicons.ttf */,
				6086158D8896445CB9F9599A /* SimpleLineIcons.ttf */,
				A4F57788D51E4EBF9961A363 /* Zocial.ttf */,
			);
			name = Resources;
			sourceTree = "<group>";
			path = "";
		};
/* End PBXGroup section */

/* Begin PBXNativeTarget section */
		13B07F861A680F5B00A75B9A /* appchat */ = {
			isa = PBXNativeTarget;
			buildConfigurationList = 13B07F931A680F5B00A75B9A /* Build configuration list for PBXNativeTarget "appchat" */;
			buildPhases = (
				C38B50BA6285516D6DCD4F65 /* [CP] Check Pods Manifest.lock */,
				13B07F871A680F5B00A75B9A /* Sources */,
				13B07F8C1A680F5B00A75B9A /* Frameworks */,
				13B07F8E1A680F5B00A75B9A /* Resources */,
				00DD1BFF1BD5951E006B06BC /* Bundle React Native code and images */,
				00EEFC60759A1932668264C0 /* [CP] Embed Pods Frameworks */,
				E235C05ADACE081382539298 /* [CP] Copy Pods Resources */,
			);
			buildRules = (
			);
			dependencies = (
			);
			name = appchat;
			productName = appchat;
			productReference = 13B07F961A680F5B00A75B9A /* appchat.app */;
			productType = "com.apple.product-type.application";
		};
/* End PBXNativeTarget section */

/* Begin PBXProject section */
		83CBB9F71A601CBA00E9B192 /* Project object */ = {
			isa = PBXProject;
			attributes = {
				LastUpgradeCheck = 1210;
				TargetAttributes = {
					13B07F861A680F5B00A75B9A = {
						LastSwiftMigration = 1120;
					};
				};
			};
			buildConfigurationList = 83CBB9FA1A601CBA00E9B192 /* Build configuration list for PBXProject "appchat" */;
			compatibilityVersion = "Xcode 12.0";
			developmentRegion = en;
			hasScannedForEncodings = 0;
			knownRegions = (
				en,
				Base,
			);
			mainGroup = 83CBB9F61A601CBA00E9B192;
			productRefGroup = 83CBBA001A601CBA00E9B192 /* Products */;
			projectDirPath = "";
			projectRoot = "";
			targets = (
				13B07F861A680F5B00A75B9A /* appchat */,
			);
		};
/* End PBXProject section */

/* Begin PBXResourcesBuildPhase section */
		00E356EC1AD99517003FC87E /* Resources */ = {
			isa = PBXResourcesBuildPhase;
			buildActionMask = 2147483647;
			files = (
			);
			runOnlyForDeploymentPostprocessing = 0;
		};
		13B07F8E1A680F5B00A75B9A /* Resources */ = {
			isa = PBXResourcesBuildPhase;
			buildActionMask = 2147483647;
			files = (
				81AB9BB82411601600AC10FF /* LaunchScreen.storyboard in Resources */,
				13B07FBF1A68108700A75B9A /* Images.xcassets in Resources */,
				DEE4E7B59F474E0FACAB8619 /* AirbnbCereal_W_Bd.otf in Resources */,
				F40DFF595B0245F2801311EB /* AirbnbCereal_W_Bk.otf in Resources */,
				FDE8CA60C6744EB6A59215C7 /* AirbnbCereal_W_Blk.otf in Resources */,
				798115FFA3E044669CBF592C /* AirbnbCereal_W_Lt.otf in Resources */,
				0C69DB9CAE174F5D8B6F1C94 /* AirbnbCereal_W_Md.otf in Resources */,
				DDC6B67A9AB84A5A929264F6 /* AirbnbCereal_W_XBd.otf in Resources */,
				F07AF839D5284208829C997D /* AntDesign.ttf in Resources */,
				EA042A7362C0412EB4FB7C2B /* Entypo.ttf in Resources */,
				D9C05C61A6DA4D63AAF96258 /* EvilIcons.ttf in Resources */,
				10FB415E8E8442BCB16A8A01 /* Feather.ttf in Resources */,
				F251387BA4E54787BD73856E /* FontAwesome.ttf in Resources */,
				2C0A6386B8AD41D69EFD2A8F /* FontAwesome5_Brands.ttf in Resources */,
				AE8CCE3AB3154F7689B8B8E7 /* FontAwesome5_Regular.ttf in Resources */,
				EE19167DD44B43878967F982 /* FontAwesome5_Solid.ttf in Resources */,
				D422E8672B5F4C5A83F21F5E /* FontAwesome6_Brands.ttf in Resources */,
				015BCA235612412F851E809C /* FontAwesome6_Regular.ttf in Resources */,
				39726D533AA04FA898292EA8 /* FontAwesome6_Solid.ttf in Resources */,
				9E3994BC6A374FC5BF3589BA /* Fontisto.ttf in Resources */,
				C4FBBBB876F14A27B5B28CA9 /* Foundation.ttf in Resources */,
				B6BE12FDD6D048F0B624F84A /* Ionicons.ttf in Resources */,
				D920045A82914EE89DAB1853 /* MaterialCommunityIcons.ttf in Resources */,
				C6CFC419AF564D4A92B1D77B /* MaterialIcons.ttf in Resources */,
				E7985597CB1C461283BEAD04 /* Octicons.ttf in Resources */,
				29D6ED93006341A9A4C75522 /* SimpleLineIcons.ttf in Resources */,
				D92B2867EEEA4658BE5D158B /* Zocial.ttf in Resources */,
			);
			runOnlyForDeploymentPostprocessing = 0;
		};
/* End PBXResourcesBuildPhase section */

/* Begin PBXShellScriptBuildPhase section */
		00DD1BFF1BD5951E006B06BC /* Bundle React Native code and images */ = {
			isa = PBXShellScriptBuildPhase;
			buildActionMask = 2147483647;
			files = (
			);
			inputPaths = (
				"$(SRCROOT)/.xcode.env.local",
				"$(SRCROOT)/.xcode.env",
			);
			name = "Bundle React Native code and images";
			outputPaths = (
			);
			runOnlyForDeploymentPostprocessing = 0;
			shellPath = /bin/sh;
			shellScript = "set -e\n\nWITH_ENVIRONMENT=\"$REACT_NATIVE_PATH/scripts/xcode/with-environment.sh\"\nREACT_NATIVE_XCODE=\"$REACT_NATIVE_PATH/scripts/react-native-xcode.sh\"\n\n/bin/sh -c \"$WITH_ENVIRONMENT $REACT_NATIVE_XCODE\"\n";
		};
		00EEFC60759A1932668264C0 /* [CP] Embed Pods Frameworks */ = {
			isa = PBXShellScriptBuildPhase;
			buildActionMask = 2147483647;
			files = (
			);
			inputFileListPaths = (
				"${PODS_ROOT}/Target Support Files/Pods-appchat/Pods-appchat-frameworks-${CONFIGURATION}-input-files.xcfilelist",
			);
			name = "[CP] Embed Pods Frameworks";
			outputFileListPaths = (
				"${PODS_ROOT}/Target Support Files/Pods-appchat/Pods-appchat-frameworks-${CONFIGURATION}-output-files.xcfilelist",
			);
			runOnlyForDeploymentPostprocessing = 0;
			shellPath = /bin/sh;
			shellScript = "\"${PODS_ROOT}/Target Support Files/Pods-appchat/Pods-appchat-frameworks.sh\"\n";
			showEnvVarsInLog = 0;
		};
		C38B50BA6285516D6DCD4F65 /* [CP] Check Pods Manifest.lock */ = {
			isa = PBXShellScriptBuildPhase;
			buildActionMask = 2147483647;
			files = (
			);
			inputFileListPaths = (
			);
			inputPaths = (
				"${PODS_PODFILE_DIR_PATH}/Podfile.lock",
				"${PODS_ROOT}/Manifest.lock",
			);
			name = "[CP] Check Pods Manifest.lock";
			outputFileListPaths = (
			);
			outputPaths = (
				"$(DERIVED_FILE_DIR)/Pods-appchat-checkManifestLockResult.txt",
			);
			runOnlyForDeploymentPostprocessing = 0;
			shellPath = /bin/sh;
			shellScript = "diff \"${PODS_PODFILE_DIR_PATH}/Podfile.lock\" \"${PODS_ROOT}/Manifest.lock\" > /dev/null\nif [ $? != 0 ] ; then\n    # print error to STDERR\n    echo \"error: The sandbox is not in sync with the Podfile.lock. Run 'pod install' or update your CocoaPods installation.\" >&2\n    exit 1\nfi\n# This output is used by Xcode 'outputs' to avoid re-running this script phase.\necho \"SUCCESS\" > \"${SCRIPT_OUTPUT_FILE_0}\"\n";
			showEnvVarsInLog = 0;
		};
		E235C05ADACE081382539298 /* [CP] Copy Pods Resources */ = {
			isa = PBXShellScriptBuildPhase;
			buildActionMask = 2147483647;
			files = (
			);
			inputFileListPaths = (
				"${PODS_ROOT}/Target Support Files/Pods-appchat/Pods-appchat-resources-${CONFIGURATION}-input-files.xcfilelist",
			);
			name = "[CP] Copy Pods Resources";
			outputFileListPaths = (
				"${PODS_ROOT}/Target Support Files/Pods-appchat/Pods-appchat-resources-${CONFIGURATION}-output-files.xcfilelist",
			);
			runOnlyForDeploymentPostprocessing = 0;
			shellPath = /bin/sh;
			shellScript = "\"${PODS_ROOT}/Target Support Files/Pods-appchat/Pods-appchat-resources.sh\"\n";
			showEnvVarsInLog = 0;
		};
/* End PBXShellScriptBuildPhase section */

/* Begin PBXSourcesBuildPhase section */
		13B07F871A680F5B00A75B9A /* Sources */ = {
			isa = PBXSourcesBuildPhase;
			buildActionMask = 2147483647;
			files = (
				761780ED2CA45674006654EE /* AppDelegate.swift in Sources */,
			);
			runOnlyForDeploymentPostprocessing = 0;
		};
/* End PBXSourcesBuildPhase section */

/* Begin PBXTargetDependency section */
		00E356F51AD99517003FC87E /* PBXTargetDependency */ = {
			isa = PBXTargetDependency;
			target = 13B07F861A680F5B00A75B9A /* appchat */;
			targetProxy = 00E356F41AD99517003FC87E /* PBXContainerItemProxy */;
		};
/* End PBXTargetDependency section */

/* Begin XCBuildConfiguration section */
		13B07F941A680F5B00A75B9A /* Debug */ = {
			isa = XCBuildConfiguration;
			baseConfigurationReference = 3B4392A12AC88292D35C810B /* Pods-appchat.debug.xcconfig */;
			buildSettings = {
				ASSETCATALOG_COMPILER_APPICON_NAME = AppIcon;
				CLANG_ENABLE_MODULES = YES;
				CURRENT_PROJECT_VERSION = 1;
				ENABLE_BITCODE = NO;
				INFOPLIST_FILE = appchat/Info.plist;
				IPHONEOS_DEPLOYMENT_TARGET = 15.1;
				LD_RUNPATH_SEARCH_PATHS = (
					"$(inherited)",
					"@executable_path/Frameworks",
				);
				MARKETING_VERSION = 1.0;
				OTHER_LDFLAGS = (
					"$(inherited)",
					"-ObjC",
					"-lc++",
				);
				PRODUCT_BUNDLE_IDENTIFIER = "org.reactjs.native.example.$(PRODUCT_NAME:rfc1034identifier)";
				PRODUCT_NAME = appchat;
				SWIFT_OPTIMIZATION_LEVEL = "-Onone";
				SWIFT_VERSION = 5.0;
				VERSIONING_SYSTEM = "apple-generic";
			};
			name = Debug;
		};
		13B07F951A680F5B00A75B9A /* Release */ = {
			isa = XCBuildConfiguration;
			baseConfigurationReference = 5709B34CF0A7D63546082F79 /* Pods-appchat.release.xcconfig */;
			buildSettings = {
				ASSETCATALOG_COMPILER_APPICON_NAME = AppIcon;
				CLANG_ENABLE_MODULES = YES;
				CURRENT_PROJECT_VERSION = 1;
				INFOPLIST_FILE = appchat/Info.plist;
				IPHONEOS_DEPLOYMENT_TARGET = 15.1;
				LD_RUNPATH_SEARCH_PATHS = (
					"$(inherited)",
					"@executable_path/Frameworks",
				);
				MARKETING_VERSION = 1.0;
				OTHER_LDFLAGS = (
					"$(inherited)",
					"-ObjC",
					"-lc++",
				);
				PRODUCT_BUNDLE_IDENTIFIER = "org.reactjs.native.example.$(PRODUCT_NAME:rfc1034identifier)";
				PRODUCT_NAME = appchat;
				SWIFT_VERSION = 5.0;
				VERSIONING_SYSTEM = "apple-generic";
			};
			name = Release;
		};
		83CBBA201A601CBA00E9B192 /* Debug */ = {
			isa = XCBuildConfiguration;
			buildSettings = {
				ALWAYS_SEARCH_USER_PATHS = NO;
				CLANG_ANALYZER_LOCALIZABILITY_NONLOCALIZED = YES;
				CLANG_CXX_LANGUAGE_STANDARD = "c++20";
				CLANG_CXX_LIBRARY = "libc++";
				CLANG_ENABLE_MODULES = YES;
				CLANG_ENABLE_OBJC_ARC = YES;
				CLANG_WARN_BLOCK_CAPTURE_AUTORELEASING = YES;
				CLANG_WARN_BOOL_CONVERSION = YES;
				CLANG_WARN_COMMA = YES;
				CLANG_WARN_CONSTANT_CONVERSION = YES;
				CLANG_WARN_DEPRECATED_OBJC_IMPLEMENTATIONS = YES;
				CLANG_WARN_DIRECT_OBJC_ISA_USAGE = YES_ERROR;
				CLANG_WARN_EMPTY_BODY = YES;
				CLANG_WARN_ENUM_CONVERSION = YES;
				CLANG_WARN_INFINITE_RECURSION = YES;
				CLANG_WARN_INT_CONVERSION = YES;
				CLANG_WARN_NON_LITERAL_NULL_CONVERSION = YES;
				CLANG_WARN_OBJC_IMPLICIT_RETAIN_SELF = YES;
				CLANG_WARN_OBJC_LITERAL_CONVERSION = YES;
				CLANG_WARN_OBJC_ROOT_CLASS = YES_ERROR;
				CLANG_WARN_QUOTED_INCLUDE_IN_FRAMEWORK_HEADER = YES;
				CLANG_WARN_RANGE_LOOP_ANALYSIS = YES;
				CLANG_WARN_STRICT_PROTOTYPES = YES;
				CLANG_WARN_SUSPICIOUS_MOVE = YES;
				CLANG_WARN_UNREACHABLE_CODE = YES;
				CLANG_WARN__DUPLICATE_METHOD_MATCH = YES;
				"CODE_SIGN_IDENTITY[sdk=iphoneos*]" = "iPhone Developer";
				COPY_PHASE_STRIP = NO;
				ENABLE_STRICT_OBJC_MSGSEND = YES;
				ENABLE_TESTABILITY = YES;
				"EXCLUDED_ARCHS[sdk=iphonesimulator*]" = "";
				GCC_C_LANGUAGE_STANDARD = gnu99;
				GCC_DYNAMIC_NO_PIC = NO;
				GCC_NO_COMMON_BLOCKS = YES;
				GCC_OPTIMIZATION_LEVEL = 0;
				GCC_PREPROCESSOR_DEFINITIONS = (
					"DEBUG=1",
					"$(inherited)",
				);
				GCC_SYMBOLS_PRIVATE_EXTERN = NO;
				GCC_WARN_64_TO_32_BIT_CONVERSION = YES;
				GCC_WARN_ABOUT_RETURN_TYPE = YES_ERROR;
				GCC_WARN_UNDECLARED_SELECTOR = YES;
				GCC_WARN_UNINITIALIZED_AUTOS = YES_AGGRESSIVE;
				GCC_WARN_UNUSED_FUNCTION = YES;
				GCC_WARN_UNUSED_VARIABLE = YES;
				IPHONEOS_DEPLOYMENT_TARGET = 15.1;
				LD_RUNPATH_SEARCH_PATHS = (
					/usr/lib/swift,
					"$(inherited)",
				);
				LIBRARY_SEARCH_PATHS = (
					"\"$(SDKROOT)/usr/lib/swift\"",
					"\"$(TOOLCHAIN_DIR)/usr/lib/swift/$(PLATFORM_NAME)\"",
					"\"$(inherited)\"",
				);
				MTL_ENABLE_DEBUG_INFO = YES;
				ONLY_ACTIVE_ARCH = YES;
				OTHER_CPLUSPLUSFLAGS = (
					"$(OTHER_CFLAGS)",
					"-DFOLLY_NO_CONFIG",
					"-DFOLLY_MOBILE=1",
					"-DFOLLY_USE_LIBCPP=1",
					"-DFOLLY_CFG_NO_COROUTINES=1",
					"-DFOLLY_HAVE_CLOCK_GETTIME=1",
				);
				SDKROOT = iphoneos;
			};
			name = Debug;
		};
		83CBBA211A601CBA00E9B192 /* Release */ = {
			isa = XCBuildConfiguration;
			buildSettings = {
				ALWAYS_SEARCH_USER_PATHS = NO;
				CLANG_ANALYZER_LOCALIZABILITY_NONLOCALIZED = YES;
				CLANG_CXX_LANGUAGE_STANDARD = "c++20";
				CLANG_CXX_LIBRARY = "libc++";
				CLANG_ENABLE_MODULES = YES;
				CLANG_ENABLE_OBJC_ARC = YES;
				CLANG_WARN_BLOCK_CAPTURE_AUTORELEASING = YES;
				CLANG_WARN_BOOL_CONVERSION = YES;
				CLANG_WARN_COMMA = YES;
				CLANG_WARN_CONSTANT_CONVERSION = YES;
				CLANG_WARN_DEPRECATED_OBJC_IMPLEMENTATIONS = YES;
				CLANG_WARN_DIRECT_OBJC_ISA_USAGE = YES_ERROR;
				CLANG_WARN_EMPTY_BODY = YES;
				CLANG_WARN_ENUM_CONVERSION = YES;
				CLANG_WARN_INFINITE_RECURSION = YES;
				CLANG_WARN_INT_CONVERSION = YES;
				CLANG_WARN_NON_LITERAL_NULL_CONVERSION = YES;
				CLANG_WARN_OBJC_IMPLICIT_RETAIN_SELF = YES;
				CLANG_WARN_OBJC_LITERAL_CONVERSION = YES;
				CLANG_WARN_OBJC_ROOT_CLASS = YES_ERROR;
				CLANG_WARN_QUOTED_INCLUDE_IN_FRAMEWORK_HEADER = YES;
				CLANG_WARN_RANGE_LOOP_ANALYSIS = YES;
				CLANG_WARN_STRICT_PROTOTYPES = YES;
				CLANG_WARN_SUSPICIOUS_MOVE = YES;
				CLANG_WARN_UNREACHABLE_CODE = YES;
				CLANG_WARN__DUPLICATE_METHOD_MATCH = YES;
				"CODE_SIGN_IDENTITY[sdk=iphoneos*]" = "iPhone Developer";
				COPY_PHASE_STRIP = YES;
				ENABLE_NS_ASSERTIONS = NO;
				ENABLE_STRICT_OBJC_MSGSEND = YES;
				"EXCLUDED_ARCHS[sdk=iphonesimulator*]" = "";
				GCC_C_LANGUAGE_STANDARD = gnu99;
				GCC_NO_COMMON_BLOCKS = YES;
				GCC_WARN_64_TO_32_BIT_CONVERSION = YES;
				GCC_WARN_ABOUT_RETURN_TYPE = YES_ERROR;
				GCC_WARN_UNDECLARED_SELECTOR = YES;
				GCC_WARN_UNINITIALIZED_AUTOS = YES_AGGRESSIVE;
				GCC_WARN_UNUSED_FUNCTION = YES;
				GCC_WARN_UNUSED_VARIABLE = YES;
				IPHONEOS_DEPLOYMENT_TARGET = 15.1;
				LD_RUNPATH_SEARCH_PATHS = (
					/usr/lib/swift,
					"$(inherited)",
				);
				LIBRARY_SEARCH_PATHS = (
					"\"$(SDKROOT)/usr/lib/swift\"",
					"\"$(TOOLCHAIN_DIR)/usr/lib/swift/$(PLATFORM_NAME)\"",
					"\"$(inherited)\"",
				);
				MTL_ENABLE_DEBUG_INFO = NO;
				OTHER_CPLUSPLUSFLAGS = (
					"$(OTHER_CFLAGS)",
					"-DFOLLY_NO_CONFIG",
					"-DFOLLY_MOBILE=1",
					"-DFOLLY_USE_LIBCPP=1",
					"-DFOLLY_CFG_NO_COROUTINES=1",
					"-DFOLLY_HAVE_CLOCK_GETTIME=1",
				);
				SDKROOT = iphoneos;
				VALIDATE_PRODUCT = YES;
			};
			name = Release;
		};
/* End XCBuildConfiguration section */

/* Begin XCConfigurationList section */
		13B07F931A680F5B00A75B9A /* Build configuration list for PBXNativeTarget "appchat" */ = {
			isa = XCConfigurationList;
			buildConfigurations = (
				13B07F941A680F5B00A75B9A /* Debug */,
				13B07F951A680F5B00A75B9A /* Release */,
			);
			defaultConfigurationIsVisible = 0;
			defaultConfigurationName = Release;
		};
		83CBB9FA1A601CBA00E9B192 /* Build configuration list for PBXProject "appchat" */ = {
			isa = XCConfigurationList;
			buildConfigurations = (
				83CBBA201A601CBA00E9B192 /* Debug */,
				83CBBA211A601CBA00E9B192 /* Release */,
			);
			defaultConfigurationIsVisible = 0;
			defaultConfigurationName = Release;
		};
/* End XCConfigurationList section */
	};
	rootObject = 83CBB9F71A601CBA00E9B192 /* Project object */;
}
